
Microsoft Visual Studio Solution File, Format Version 12.00
# Visual Studio 2013
VisualStudioVersion = 12.0.31101.0
MinimumVisualStudioVersion = 10.0.40219.1
Project("{FAE04EC0-301F-11D3-BF4B-00C04F79EFBC}") = "WavePlayer", "WpfApplication1\WavePlayer.csproj", "{3FDBA367-6F65-42B2-BF47-2CB7F640A8CC}"
EndProject
Project("{FAE04EC0-301F-11D3-BF4B-00C04F79EFBC}") = "ClassLibrary1", "ClassLibrary1\ClassLibrary1.csproj", "{DC2E4092-FD65-43A6-BEFE-6EA4EAEFE8FC}"
EndProject
Project("{FAE04EC0-301F-11D3-BF4B-00C04F79EFBC}") = "WaveFormDisplay", "WpfApplication2\WaveFormDisplay.csproj", "{4CA489D2-AB10-4067-8BA4-47CBFAEB7489}"
EndProject
Project("{FAE04EC0-301F-11D3-BF4B-00C04F79EFBC}") = "EffectStream", "EffectStream\EffectStream.csproj", "{8C8706E5-5D68-41F5-9375-4EB57ACC95B9}"
EndProject
Project("{FAE04EC0-301F-11D3-BF4B-00C04F79EFBC}") = "WindowsFormsApplication1", "WindowsFormsApplication1\WindowsFormsApplication1.csproj", "{C9EAC9C9-632A-4A71-BFFC-515D22B8534C}"
EndProject
Project("{FAE04EC0-301F-11D3-BF4B-00C04F79EFBC}") = "WaveFormPlotter", "WaveFormPlotter\WaveFormPlotter.csproj", "{303CA473-5E70-4945-9665-73416054EB66}"
EndProject
Global
	GlobalSection(SolutionConfigurationPlatforms) = preSolution
		Debug|Any CPU = Debug|Any CPU
		Release|Any CPU = Release|Any CPU
	EndGlobalSection
	GlobalSection(ProjectConfigurationPlatforms) = postSolution
		{3FDBA367-6F65-42B2-BF47-2CB7F640A8CC}.Debug|Any CPU.ActiveCfg = Debug|Any CPU
		{3FDBA367-6F65-42B2-BF47-2CB7F640A8CC}.Debug|Any CPU.Build.0 = Debug|Any CPU
		{3FDBA367-6F65-42B2-BF47-2CB7F640A8CC}.Release|Any CPU.ActiveCfg = Release|Any CPU
		{3FDBA367-6F65-42B2-BF47-2CB7F640A8CC}.Release|Any CPU.Build.0 = Release|Any CPU
		{DC2E4092-FD65-43A6-BEFE-6EA4EAEFE8FC}.Debug|Any CPU.ActiveCfg = Debug|Any CPU
		{DC2E4092-FD65-43A6-BEFE-6EA4EAEFE8FC}.Debug|Any CPU.Build.0 = Debug|Any CPU
		{DC2E4092-FD65-43A6-BEFE-6EA4EAEFE8FC}.Release|Any CPU.ActiveCfg = Release|Any CPU
		{DC2E4092-FD65-43A6-BEFE-6EA4EAEFE8FC}.Release|Any CPU.Build.0 = Release|Any CPU
		{4CA489D2-AB10-4067-8BA4-47CBFAEB7489}.Debug|Any CPU.ActiveCfg = Debug|Any CPU
		{4CA489D2-AB10-4067-8BA4-47CBFAEB7489}.Debug|Any CPU.Build.0 = Debug|Any CPU
		{4CA489D2-AB10-4067-8BA4-47CBFAEB7489}.Release|Any CPU.ActiveCfg = Release|Any CPU
		{4CA489D2-AB10-4067-8BA4-47CBFAEB7489}.Release|Any CPU.Build.0 = Release|Any CPU
		{8C8706E5-5D68-41F5-9375-4EB57ACC95B9}.Debug|Any CPU.ActiveCfg = Debug|Any CPU
		{8C8706E5-5D68-41F5-9375-4EB57ACC95B9}.Debug|Any CPU.Build.0 = Debug|Any CPU
		{8C8706E5-5D68-41F5-9375-4EB57ACC95B9}.Release|Any CPU.ActiveCfg = Release|Any CPU
		{8C8706E5-5D68-41F5-9375-4EB57ACC95B9}.Release|Any CPU.Build.0 = Release|Any CPU
		{C9EAC9C9-632A-4A71-BFFC-515D22B8534C}.Debug|Any CPU.ActiveCfg = Debug|Any CPU
		{C9EAC9C9-632A-4A71-BFFC-515D22B8534C}.Debug|Any CPU.Build.0 = Debug|Any CPU
		{C9EAC9C9-632A-4A71-BFFC-515D22B8534C}.Release|Any CPU.ActiveCfg = Release|Any CPU
		{C9EAC9C9-632A-4A71-BFFC-515D22B8534C}.Release|Any CPU.Build.0 = Release|Any CPU
		{303CA473-5E70-4945-9665-73416054EB66}.Debug|Any CPU.ActiveCfg = Debug|Any CPU
		{303CA473-5E70-4945-9665-73416054EB66}.Debug|Any CPU.Build.0 = Debug|Any CPU
		{303CA473-5E70-4945-9665-73416054EB66}.Release|Any CPU.ActiveCfg = Release|Any CPU
		{303CA473-5E70-4945-9665-73416054EB66}.Release|Any CPU.Build.0 = Release|Any CPU
	EndGlobalSection
	GlobalSection(SolutionProperties) = preSolution
		HideSolutionNode = FALSE
	EndGlobalSection
EndGlobal
